
Microsoft Visual Studio Solution File, Format Version 12.00
# Visual Studio Version 16
VisualStudioVersion = 16.0.31829.152
MinimumVisualStudioVersion = 10.0.40219.1
Project("{FAE04EC0-301F-11D3-BF4B-00C04F79EFBC}") = "B.VladAndCandies", "B.VladAndCandies\B.VladAndCandies.csproj", "{1D5CE55A-7B5F-48F9-AE96-FA948B231AD0}"
EndProject
Global
	GlobalSection(SolutionConfigurationPlatforms) = preSolution
		Debug|Any CPU = Debug|Any CPU
		Release|Any CPU = Release|Any CPU
	EndGlobalSection
	GlobalSection(ProjectConfigurationPlatforms) = postSolution
		{1D5CE55A-7B5F-48F9-AE96-FA948B231AD0}.Debug|Any CPU.ActiveCfg = Debug|Any CPU
		{1D5CE55A-7B5F-48F9-AE96-FA948B231AD0}.Debug|Any CPU.Build.0 = Debug|Any CPU
		{1D5CE55A-7B5F-48F9-AE96-FA948B231AD0}.Release|Any CPU.ActiveCfg = Release|Any CPU
		{1D5CE55A-7B5F-48F9-AE96-FA948B231AD0}.Release|Any CPU.Build.0 = Release|Any CPU
	EndGlobalSection
	GlobalSection(SolutionProperties) = preSolution
		HideSolutionNode = FALSE
	EndGlobalSection
	GlobalSection(ExtensibilityGlobals) = postSolution
		SolutionGuid = {447038D3-984D-4800-AF54-7198BA4BDFB5}
	EndGlobalSection
EndGlobal
