
Microsoft Visual Studio Solution File, Format Version 12.00
# Visual Studio Version 16
VisualStudioVersion = 16.0.31829.152
MinimumVisualStudioVersion = 10.0.40219.1
Project("{FAE04EC0-301F-11D3-BF4B-00C04F79EFBC}") = "GeometricShapes", "GeometricShapes\GeometricShapes.csproj", "{0DEBCBA8-BCF2-465F-9E86-08B05042866E}"
EndProject
Global
	GlobalSection(SolutionConfigurationPlatforms) = preSolution
		Debug|Any CPU = Debug|Any CPU
		Release|Any CPU = Release|Any CPU
	EndGlobalSection
	GlobalSection(ProjectConfigurationPlatforms) = postSolution
		{0DEBCBA8-BCF2-465F-9E86-08B05042866E}.Debug|Any CPU.ActiveCfg = Debug|Any CPU
		{0DEBCBA8-BCF2-465F-9E86-08B05042866E}.Debug|Any CPU.Build.0 = Debug|Any CPU
		{0DEBCBA8-BCF2-465F-9E86-08B05042866E}.Release|Any CPU.ActiveCfg = Release|Any CPU
		{0DEBCBA8-BCF2-465F-9E86-08B05042866E}.Release|Any CPU.Build.0 = Release|Any CPU
	EndGlobalSection
	GlobalSection(SolutionProperties) = preSolution
		HideSolutionNode = FALSE
	EndGlobalSection
	GlobalSection(ExtensibilityGlobals) = postSolution
		SolutionGuid = {C3D5F4C0-9964-4A77-B200-A4883BF045D1}
	EndGlobalSection
EndGlobal
