
Microsoft Visual Studio Solution File, Format Version 12.00
# Visual Studio Version 16
VisualStudioVersion = 16.0.31829.152
MinimumVisualStudioVersion = 10.0.40219.1
Project("{9A19103F-16F7-4668-BE54-9A1E7A4F7556}") = "LeetCodeExercies(Tornike Khamitsashvili)", "LeetCodeExercies(Tornike Khamitsashvili)\LeetCodeExercies(Tornike Khamitsashvili).csproj", "{0F1D7BA0-4269-4DD3-9ECF-4C7B29C67AFB}"
EndProject
Global
	GlobalSection(SolutionConfigurationPlatforms) = preSolution
		Debug|Any CPU = Debug|Any CPU
		Release|Any CPU = Release|Any CPU
	EndGlobalSection
	GlobalSection(ProjectConfigurationPlatforms) = postSolution
		{0F1D7BA0-4269-4DD3-9ECF-4C7B29C67AFB}.Debug|Any CPU.ActiveCfg = Debug|Any CPU
		{0F1D7BA0-4269-4DD3-9ECF-4C7B29C67AFB}.Debug|Any CPU.Build.0 = Debug|Any CPU
		{0F1D7BA0-4269-4DD3-9ECF-4C7B29C67AFB}.Release|Any CPU.ActiveCfg = Release|Any CPU
		{0F1D7BA0-4269-4DD3-9ECF-4C7B29C67AFB}.Release|Any CPU.Build.0 = Release|Any CPU
	EndGlobalSection
	GlobalSection(SolutionProperties) = preSolution
		HideSolutionNode = FALSE
	EndGlobalSection
	GlobalSection(ExtensibilityGlobals) = postSolution
		SolutionGuid = {CCBDAF07-157D-4CAD-BC28-01F376505A75}
	EndGlobalSection
EndGlobal
