
Microsoft Visual Studio Solution File, Format Version 12.00
# Visual Studio Version 16
VisualStudioVersion = 16.0.31829.152
MinimumVisualStudioVersion = 10.0.40219.1
Project("{9A19103F-16F7-4668-BE54-9A1E7A4F7556}") = "Task121", "Task121\Task121.csproj", "{6D6AA613-2A82-43D7-A280-784C1A0640DC}"
EndProject
Project("{9A19103F-16F7-4668-BE54-9A1E7A4F7556}") = "Task122", "Task122\Task122.csproj", "{52E209F2-BECC-41DB-9959-B1875965BC50}"
EndProject
Project("{9A19103F-16F7-4668-BE54-9A1E7A4F7556}") = "Task123", "Task123\Task123.csproj", "{7234D9B3-99FF-4F4F-8BB9-5CB94E5C3596}"
EndProject
Project("{9A19103F-16F7-4668-BE54-9A1E7A4F7556}") = "Task124", "Task124\Task124.csproj", "{73FA4B2B-9F8C-4B00-B81D-84399871556B}"
EndProject
Project("{9A19103F-16F7-4668-BE54-9A1E7A4F7556}") = "Task125", "Task125\Task125.csproj", "{32ACE670-3693-4DD2-99B5-55D4B6D06A0E}"
EndProject
Project("{9A19103F-16F7-4668-BE54-9A1E7A4F7556}") = "Task126", "Task126\Task126.csproj", "{7DCD3B2E-24FF-4917-AE86-3020F6DA8EB1}"
EndProject
Project("{9A19103F-16F7-4668-BE54-9A1E7A4F7556}") = "Task127", "Task127\Task127.csproj", "{C628F7B0-DA58-45AA-A1F6-DC51A706320F}"
EndProject
Project("{9A19103F-16F7-4668-BE54-9A1E7A4F7556}") = "Task128", "Task128\Task128.csproj", "{EDBCEB1B-4618-4949-B8D9-1CE58D53EED8}"
EndProject
Project("{9A19103F-16F7-4668-BE54-9A1E7A4F7556}") = "Task129", "Task129\Task129.csproj", "{30969BC7-D0AB-4119-8793-129360CBADA0}"
EndProject
Project("{9A19103F-16F7-4668-BE54-9A1E7A4F7556}") = "Task130(1)", "Task130\Task130(1).csproj", "{11D89BCF-F8F9-461A-B6EA-95A59FF03E5A}"
EndProject
Project("{9A19103F-16F7-4668-BE54-9A1E7A4F7556}") = "Task130(2)", "Task130(2)\Task130(2).csproj", "{14BB8040-452F-4D31-A3CC-7ACAE044A0D3}"
EndProject
Project("{9A19103F-16F7-4668-BE54-9A1E7A4F7556}") = "Task131", "Task131\Task131.csproj", "{79E15727-D17D-4BDA-9627-0DB4FA3EE3AE}"
EndProject
Project("{9A19103F-16F7-4668-BE54-9A1E7A4F7556}") = "Task132", "Task132\Task132.csproj", "{8330FE97-7071-4E3B-A5D1-024D9851CEBF}"
EndProject
Project("{9A19103F-16F7-4668-BE54-9A1E7A4F7556}") = "Task133", "Task133\Task133.csproj", "{3989DA3D-8547-46DA-B4AE-3A418F8F1165}"
EndProject
Project("{9A19103F-16F7-4668-BE54-9A1E7A4F7556}") = "Task134", "Task134\Task134.csproj", "{16FFFCF3-217B-444B-8032-98909EC955B1}"
EndProject
Project("{9A19103F-16F7-4668-BE54-9A1E7A4F7556}") = "Task135", "Task135\Task135.csproj", "{878A7A61-A694-405B-AE44-BE726E37F535}"
EndProject
Project("{9A19103F-16F7-4668-BE54-9A1E7A4F7556}") = "Task136", "Task136\Task136.csproj", "{DC51DA52-5E3E-4B60-93ED-1D989901024D}"
EndProject
Project("{9A19103F-16F7-4668-BE54-9A1E7A4F7556}") = "Task137", "Task137\Task137.csproj", "{2C62330B-ADC9-4492-94BA-214A04EFD37A}"
EndProject
Project("{9A19103F-16F7-4668-BE54-9A1E7A4F7556}") = "Task138", "Task138\Task138.csproj", "{983BEFAC-2368-47DD-89B7-5D641E4F7707}"
EndProject
Project("{9A19103F-16F7-4668-BE54-9A1E7A4F7556}") = "Task139", "Task139\Task139.csproj", "{79E6CE72-CF0A-46ED-B9EA-B41BBDF30593}"
EndProject
Project("{9A19103F-16F7-4668-BE54-9A1E7A4F7556}") = "Task140", "Task140\Task140.csproj", "{77805970-0D32-4D33-8E4A-DABFC33C3AD2}"
EndProject
Project("{9A19103F-16F7-4668-BE54-9A1E7A4F7556}") = "Task141", "Task141\Task141.csproj", "{BB53D4BE-59C9-4376-AB38-2D9EA2F716C3}"
EndProject
Project("{9A19103F-16F7-4668-BE54-9A1E7A4F7556}") = "Task142", "Task142\Task142.csproj", "{72B74B9D-B33F-4974-BA30-0BA77C5C4727}"
EndProject
Project("{9A19103F-16F7-4668-BE54-9A1E7A4F7556}") = "Task143", "Task143\Task143.csproj", "{CF4FDCFC-7B48-4A2F-836E-890B0FE7F38E}"
EndProject
Project("{9A19103F-16F7-4668-BE54-9A1E7A4F7556}") = "Task144", "Task144\Task144.csproj", "{D753224F-7C73-4FE8-8BAC-FC059D16F9D9}"
EndProject
Project("{9A19103F-16F7-4668-BE54-9A1E7A4F7556}") = "Task145", "Task145\Task145.csproj", "{DC46EE43-11E7-440A-888F-2730613AF3ED}"
EndProject
Project("{9A19103F-16F7-4668-BE54-9A1E7A4F7556}") = "Task146", "Task146\Task146.csproj", "{81DAF234-785D-439A-8481-289742085137}"
EndProject
Project("{9A19103F-16F7-4668-BE54-9A1E7A4F7556}") = "Task147", "Task147\Task147.csproj", "{AED17058-DBFD-4532-A357-A589474113F5}"
EndProject
Project("{9A19103F-16F7-4668-BE54-9A1E7A4F7556}") = "Task148", "Task148\Task148.csproj", "{FFE0CC2D-2A30-4B71-A04E-68D192146DE8}"
EndProject
Project("{FAE04EC0-301F-11D3-BF4B-00C04F79EFBC}") = "Task149", "Task149\Task149.csproj", "{CB2C5EE2-C288-4B1C-AD27-125CBAF74025}"
EndProject
Project("{FAE04EC0-301F-11D3-BF4B-00C04F79EFBC}") = "Task150", "Task150\Task150.csproj", "{69C56D6A-8523-481A-9E1D-B5A374759A4E}"
EndProject
Global
	GlobalSection(SolutionConfigurationPlatforms) = preSolution
		Debug|Any CPU = Debug|Any CPU
		Release|Any CPU = Release|Any CPU
	EndGlobalSection
	GlobalSection(ProjectConfigurationPlatforms) = postSolution
		{6D6AA613-2A82-43D7-A280-784C1A0640DC}.Debug|Any CPU.ActiveCfg = Debug|Any CPU
		{6D6AA613-2A82-43D7-A280-784C1A0640DC}.Debug|Any CPU.Build.0 = Debug|Any CPU
		{6D6AA613-2A82-43D7-A280-784C1A0640DC}.Release|Any CPU.ActiveCfg = Release|Any CPU
		{6D6AA613-2A82-43D7-A280-784C1A0640DC}.Release|Any CPU.Build.0 = Release|Any CPU
		{52E209F2-BECC-41DB-9959-B1875965BC50}.Debug|Any CPU.ActiveCfg = Debug|Any CPU
		{52E209F2-BECC-41DB-9959-B1875965BC50}.Debug|Any CPU.Build.0 = Debug|Any CPU
		{52E209F2-BECC-41DB-9959-B1875965BC50}.Release|Any CPU.ActiveCfg = Release|Any CPU
		{52E209F2-BECC-41DB-9959-B1875965BC50}.Release|Any CPU.Build.0 = Release|Any CPU
		{7234D9B3-99FF-4F4F-8BB9-5CB94E5C3596}.Debug|Any CPU.ActiveCfg = Debug|Any CPU
		{7234D9B3-99FF-4F4F-8BB9-5CB94E5C3596}.Debug|Any CPU.Build.0 = Debug|Any CPU
		{7234D9B3-99FF-4F4F-8BB9-5CB94E5C3596}.Release|Any CPU.ActiveCfg = Release|Any CPU
		{7234D9B3-99FF-4F4F-8BB9-5CB94E5C3596}.Release|Any CPU.Build.0 = Release|Any CPU
		{73FA4B2B-9F8C-4B00-B81D-84399871556B}.Debug|Any CPU.ActiveCfg = Debug|Any CPU
		{73FA4B2B-9F8C-4B00-B81D-84399871556B}.Debug|Any CPU.Build.0 = Debug|Any CPU
		{73FA4B2B-9F8C-4B00-B81D-84399871556B}.Release|Any CPU.ActiveCfg = Release|Any CPU
		{73FA4B2B-9F8C-4B00-B81D-84399871556B}.Release|Any CPU.Build.0 = Release|Any CPU
		{32ACE670-3693-4DD2-99B5-55D4B6D06A0E}.Debug|Any CPU.ActiveCfg = Debug|Any CPU
		{32ACE670-3693-4DD2-99B5-55D4B6D06A0E}.Debug|Any CPU.Build.0 = Debug|Any CPU
		{32ACE670-3693-4DD2-99B5-55D4B6D06A0E}.Release|Any CPU.ActiveCfg = Release|Any CPU
		{32ACE670-3693-4DD2-99B5-55D4B6D06A0E}.Release|Any CPU.Build.0 = Release|Any CPU
		{7DCD3B2E-24FF-4917-AE86-3020F6DA8EB1}.Debug|Any CPU.ActiveCfg = Debug|Any CPU
		{7DCD3B2E-24FF-4917-AE86-3020F6DA8EB1}.Debug|Any CPU.Build.0 = Debug|Any CPU
		{7DCD3B2E-24FF-4917-AE86-3020F6DA8EB1}.Release|Any CPU.ActiveCfg = Release|Any CPU
		{7DCD3B2E-24FF-4917-AE86-3020F6DA8EB1}.Release|Any CPU.Build.0 = Release|Any CPU
		{C628F7B0-DA58-45AA-A1F6-DC51A706320F}.Debug|Any CPU.ActiveCfg = Debug|Any CPU
		{C628F7B0-DA58-45AA-A1F6-DC51A706320F}.Debug|Any CPU.Build.0 = Debug|Any CPU
		{C628F7B0-DA58-45AA-A1F6-DC51A706320F}.Release|Any CPU.ActiveCfg = Release|Any CPU
		{C628F7B0-DA58-45AA-A1F6-DC51A706320F}.Release|Any CPU.Build.0 = Release|Any CPU
		{EDBCEB1B-4618-4949-B8D9-1CE58D53EED8}.Debug|Any CPU.ActiveCfg = Debug|Any CPU
		{EDBCEB1B-4618-4949-B8D9-1CE58D53EED8}.Debug|Any CPU.Build.0 = Debug|Any CPU
		{EDBCEB1B-4618-4949-B8D9-1CE58D53EED8}.Release|Any CPU.ActiveCfg = Release|Any CPU
		{EDBCEB1B-4618-4949-B8D9-1CE58D53EED8}.Release|Any CPU.Build.0 = Release|Any CPU
		{30969BC7-D0AB-4119-8793-129360CBADA0}.Debug|Any CPU.ActiveCfg = Debug|Any CPU
		{30969BC7-D0AB-4119-8793-129360CBADA0}.Debug|Any CPU.Build.0 = Debug|Any CPU
		{30969BC7-D0AB-4119-8793-129360CBADA0}.Release|Any CPU.ActiveCfg = Release|Any CPU
		{30969BC7-D0AB-4119-8793-129360CBADA0}.Release|Any CPU.Build.0 = Release|Any CPU
		{11D89BCF-F8F9-461A-B6EA-95A59FF03E5A}.Debug|Any CPU.ActiveCfg = Debug|Any CPU
		{11D89BCF-F8F9-461A-B6EA-95A59FF03E5A}.Debug|Any CPU.Build.0 = Debug|Any CPU
		{11D89BCF-F8F9-461A-B6EA-95A59FF03E5A}.Release|Any CPU.ActiveCfg = Release|Any CPU
		{11D89BCF-F8F9-461A-B6EA-95A59FF03E5A}.Release|Any CPU.Build.0 = Release|Any CPU
		{14BB8040-452F-4D31-A3CC-7ACAE044A0D3}.Debug|Any CPU.ActiveCfg = Debug|Any CPU
		{14BB8040-452F-4D31-A3CC-7ACAE044A0D3}.Debug|Any CPU.Build.0 = Debug|Any CPU
		{14BB8040-452F-4D31-A3CC-7ACAE044A0D3}.Release|Any CPU.ActiveCfg = Release|Any CPU
		{14BB8040-452F-4D31-A3CC-7ACAE044A0D3}.Release|Any CPU.Build.0 = Release|Any CPU
		{79E15727-D17D-4BDA-9627-0DB4FA3EE3AE}.Debug|Any CPU.ActiveCfg = Debug|Any CPU
		{79E15727-D17D-4BDA-9627-0DB4FA3EE3AE}.Debug|Any CPU.Build.0 = Debug|Any CPU
		{79E15727-D17D-4BDA-9627-0DB4FA3EE3AE}.Release|Any CPU.ActiveCfg = Release|Any CPU
		{79E15727-D17D-4BDA-9627-0DB4FA3EE3AE}.Release|Any CPU.Build.0 = Release|Any CPU
		{8330FE97-7071-4E3B-A5D1-024D9851CEBF}.Debug|Any CPU.ActiveCfg = Debug|Any CPU
		{8330FE97-7071-4E3B-A5D1-024D9851CEBF}.Debug|Any CPU.Build.0 = Debug|Any CPU
		{8330FE97-7071-4E3B-A5D1-024D9851CEBF}.Release|Any CPU.ActiveCfg = Release|Any CPU
		{8330FE97-7071-4E3B-A5D1-024D9851CEBF}.Release|Any CPU.Build.0 = Release|Any CPU
		{3989DA3D-8547-46DA-B4AE-3A418F8F1165}.Debug|Any CPU.ActiveCfg = Debug|Any CPU
		{3989DA3D-8547-46DA-B4AE-3A418F8F1165}.Debug|Any CPU.Build.0 = Debug|Any CPU
		{3989DA3D-8547-46DA-B4AE-3A418F8F1165}.Release|Any CPU.ActiveCfg = Release|Any CPU
		{3989DA3D-8547-46DA-B4AE-3A418F8F1165}.Release|Any CPU.Build.0 = Release|Any CPU
		{16FFFCF3-217B-444B-8032-98909EC955B1}.Debug|Any CPU.ActiveCfg = Debug|Any CPU
		{16FFFCF3-217B-444B-8032-98909EC955B1}.Debug|Any CPU.Build.0 = Debug|Any CPU
		{16FFFCF3-217B-444B-8032-98909EC955B1}.Release|Any CPU.ActiveCfg = Release|Any CPU
		{16FFFCF3-217B-444B-8032-98909EC955B1}.Release|Any CPU.Build.0 = Release|Any CPU
		{878A7A61-A694-405B-AE44-BE726E37F535}.Debug|Any CPU.ActiveCfg = Debug|Any CPU
		{878A7A61-A694-405B-AE44-BE726E37F535}.Debug|Any CPU.Build.0 = Debug|Any CPU
		{878A7A61-A694-405B-AE44-BE726E37F535}.Release|Any CPU.ActiveCfg = Release|Any CPU
		{878A7A61-A694-405B-AE44-BE726E37F535}.Release|Any CPU.Build.0 = Release|Any CPU
		{DC51DA52-5E3E-4B60-93ED-1D989901024D}.Debug|Any CPU.ActiveCfg = Debug|Any CPU
		{DC51DA52-5E3E-4B60-93ED-1D989901024D}.Debug|Any CPU.Build.0 = Debug|Any CPU
		{DC51DA52-5E3E-4B60-93ED-1D989901024D}.Release|Any CPU.ActiveCfg = Release|Any CPU
		{DC51DA52-5E3E-4B60-93ED-1D989901024D}.Release|Any CPU.Build.0 = Release|Any CPU
		{2C62330B-ADC9-4492-94BA-214A04EFD37A}.Debug|Any CPU.ActiveCfg = Debug|Any CPU
		{2C62330B-ADC9-4492-94BA-214A04EFD37A}.Debug|Any CPU.Build.0 = Debug|Any CPU
		{2C62330B-ADC9-4492-94BA-214A04EFD37A}.Release|Any CPU.ActiveCfg = Release|Any CPU
		{2C62330B-ADC9-4492-94BA-214A04EFD37A}.Release|Any CPU.Build.0 = Release|Any CPU
		{983BEFAC-2368-47DD-89B7-5D641E4F7707}.Debug|Any CPU.ActiveCfg = Debug|Any CPU
		{983BEFAC-2368-47DD-89B7-5D641E4F7707}.Debug|Any CPU.Build.0 = Debug|Any CPU
		{983BEFAC-2368-47DD-89B7-5D641E4F7707}.Release|Any CPU.ActiveCfg = Release|Any CPU
		{983BEFAC-2368-47DD-89B7-5D641E4F7707}.Release|Any CPU.Build.0 = Release|Any CPU
		{79E6CE72-CF0A-46ED-B9EA-B41BBDF30593}.Debug|Any CPU.ActiveCfg = Debug|Any CPU
		{79E6CE72-CF0A-46ED-B9EA-B41BBDF30593}.Debug|Any CPU.Build.0 = Debug|Any CPU
		{79E6CE72-CF0A-46ED-B9EA-B41BBDF30593}.Release|Any CPU.ActiveCfg = Release|Any CPU
		{79E6CE72-CF0A-46ED-B9EA-B41BBDF30593}.Release|Any CPU.Build.0 = Release|Any CPU
		{77805970-0D32-4D33-8E4A-DABFC33C3AD2}.Debug|Any CPU.ActiveCfg = Debug|Any CPU
		{77805970-0D32-4D33-8E4A-DABFC33C3AD2}.Debug|Any CPU.Build.0 = Debug|Any CPU
		{77805970-0D32-4D33-8E4A-DABFC33C3AD2}.Release|Any CPU.ActiveCfg = Release|Any CPU
		{77805970-0D32-4D33-8E4A-DABFC33C3AD2}.Release|Any CPU.Build.0 = Release|Any CPU
		{BB53D4BE-59C9-4376-AB38-2D9EA2F716C3}.Debug|Any CPU.ActiveCfg = Debug|Any CPU
		{BB53D4BE-59C9-4376-AB38-2D9EA2F716C3}.Debug|Any CPU.Build.0 = Debug|Any CPU
		{BB53D4BE-59C9-4376-AB38-2D9EA2F716C3}.Release|Any CPU.ActiveCfg = Release|Any CPU
		{BB53D4BE-59C9-4376-AB38-2D9EA2F716C3}.Release|Any CPU.Build.0 = Release|Any CPU
		{72B74B9D-B33F-4974-BA30-0BA77C5C4727}.Debug|Any CPU.ActiveCfg = Debug|Any CPU
		{72B74B9D-B33F-4974-BA30-0BA77C5C4727}.Debug|Any CPU.Build.0 = Debug|Any CPU
		{72B74B9D-B33F-4974-BA30-0BA77C5C4727}.Release|Any CPU.ActiveCfg = Release|Any CPU
		{72B74B9D-B33F-4974-BA30-0BA77C5C4727}.Release|Any CPU.Build.0 = Release|Any CPU
		{CF4FDCFC-7B48-4A2F-836E-890B0FE7F38E}.Debug|Any CPU.ActiveCfg = Debug|Any CPU
		{CF4FDCFC-7B48-4A2F-836E-890B0FE7F38E}.Debug|Any CPU.Build.0 = Debug|Any CPU
		{CF4FDCFC-7B48-4A2F-836E-890B0FE7F38E}.Release|Any CPU.ActiveCfg = Release|Any CPU
		{CF4FDCFC-7B48-4A2F-836E-890B0FE7F38E}.Release|Any CPU.Build.0 = Release|Any CPU
		{D753224F-7C73-4FE8-8BAC-FC059D16F9D9}.Debug|Any CPU.ActiveCfg = Debug|Any CPU
		{D753224F-7C73-4FE8-8BAC-FC059D16F9D9}.Debug|Any CPU.Build.0 = Debug|Any CPU
		{D753224F-7C73-4FE8-8BAC-FC059D16F9D9}.Release|Any CPU.ActiveCfg = Release|Any CPU
		{D753224F-7C73-4FE8-8BAC-FC059D16F9D9}.Release|Any CPU.Build.0 = Release|Any CPU
		{DC46EE43-11E7-440A-888F-2730613AF3ED}.Debug|Any CPU.ActiveCfg = Debug|Any CPU
		{DC46EE43-11E7-440A-888F-2730613AF3ED}.Debug|Any CPU.Build.0 = Debug|Any CPU
		{DC46EE43-11E7-440A-888F-2730613AF3ED}.Release|Any CPU.ActiveCfg = Release|Any CPU
		{DC46EE43-11E7-440A-888F-2730613AF3ED}.Release|Any CPU.Build.0 = Release|Any CPU
		{81DAF234-785D-439A-8481-289742085137}.Debug|Any CPU.ActiveCfg = Debug|Any CPU
		{81DAF234-785D-439A-8481-289742085137}.Debug|Any CPU.Build.0 = Debug|Any CPU
		{81DAF234-785D-439A-8481-289742085137}.Release|Any CPU.ActiveCfg = Release|Any CPU
		{81DAF234-785D-439A-8481-289742085137}.Release|Any CPU.Build.0 = Release|Any CPU
		{AED17058-DBFD-4532-A357-A589474113F5}.Debug|Any CPU.ActiveCfg = Debug|Any CPU
		{AED17058-DBFD-4532-A357-A589474113F5}.Debug|Any CPU.Build.0 = Debug|Any CPU
		{AED17058-DBFD-4532-A357-A589474113F5}.Release|Any CPU.ActiveCfg = Release|Any CPU
		{AED17058-DBFD-4532-A357-A589474113F5}.Release|Any CPU.Build.0 = Release|Any CPU
		{FFE0CC2D-2A30-4B71-A04E-68D192146DE8}.Debug|Any CPU.ActiveCfg = Debug|Any CPU
		{FFE0CC2D-2A30-4B71-A04E-68D192146DE8}.Debug|Any CPU.Build.0 = Debug|Any CPU
		{FFE0CC2D-2A30-4B71-A04E-68D192146DE8}.Release|Any CPU.ActiveCfg = Release|Any CPU
		{FFE0CC2D-2A30-4B71-A04E-68D192146DE8}.Release|Any CPU.Build.0 = Release|Any CPU
		{CB2C5EE2-C288-4B1C-AD27-125CBAF74025}.Debug|Any CPU.ActiveCfg = Debug|Any CPU
		{CB2C5EE2-C288-4B1C-AD27-125CBAF74025}.Debug|Any CPU.Build.0 = Debug|Any CPU
		{CB2C5EE2-C288-4B1C-AD27-125CBAF74025}.Release|Any CPU.ActiveCfg = Release|Any CPU
		{CB2C5EE2-C288-4B1C-AD27-125CBAF74025}.Release|Any CPU.Build.0 = Release|Any CPU
		{69C56D6A-8523-481A-9E1D-B5A374759A4E}.Debug|Any CPU.ActiveCfg = Debug|Any CPU
		{69C56D6A-8523-481A-9E1D-B5A374759A4E}.Debug|Any CPU.Build.0 = Debug|Any CPU
		{69C56D6A-8523-481A-9E1D-B5A374759A4E}.Release|Any CPU.ActiveCfg = Release|Any CPU
		{69C56D6A-8523-481A-9E1D-B5A374759A4E}.Release|Any CPU.Build.0 = Release|Any CPU
	EndGlobalSection
	GlobalSection(SolutionProperties) = preSolution
		HideSolutionNode = FALSE
	EndGlobalSection
	GlobalSection(ExtensibilityGlobals) = postSolution
		SolutionGuid = {6C6C781E-88CA-4C9B-9E34-D3A9B0BE1504}
	EndGlobalSection
EndGlobal
