
Microsoft Visual Studio Solution File, Format Version 12.00
# Visual Studio Version 16
VisualStudioVersion = 16.0.31829.152
MinimumVisualStudioVersion = 10.0.40219.1
Project("{9A19103F-16F7-4668-BE54-9A1E7A4F7556}") = "Task45", "Task45\Task45.csproj", "{946F4C9C-0720-43F6-94B2-05F4E1D03E47}"
EndProject
Project("{9A19103F-16F7-4668-BE54-9A1E7A4F7556}") = "Task46", "Task46\Task46.csproj", "{3F7B3BC6-D011-421F-B3A9-98C1F61804C8}"
EndProject
Project("{9A19103F-16F7-4668-BE54-9A1E7A4F7556}") = "Task47", "Task47\Task47.csproj", "{1160CDC5-899A-4FF9-87FF-9DE155F2AACD}"
EndProject
Project("{9A19103F-16F7-4668-BE54-9A1E7A4F7556}") = "Task48", "Task48\Task48.csproj", "{BEF7A065-E3B6-46E3-84F9-7C707EA9885F}"
EndProject
Project("{9A19103F-16F7-4668-BE54-9A1E7A4F7556}") = "Task49", "Task49\Task49.csproj", "{DCBC0CB4-F1C7-4AA4-921E-258458575B70}"
EndProject
Project("{9A19103F-16F7-4668-BE54-9A1E7A4F7556}") = "Task50", "Task50\Task50.csproj", "{0ADEB207-4AE7-46B8-BCE0-51F5BFC5D845}"
EndProject
Project("{9A19103F-16F7-4668-BE54-9A1E7A4F7556}") = "Task51", "Task51\Task51.csproj", "{A06CF7A5-C460-495F-A3EC-58B2F62738A7}"
EndProject
Project("{9A19103F-16F7-4668-BE54-9A1E7A4F7556}") = "Task52", "Task52\Task52.csproj", "{08B9039E-A1BB-4F2C-ACFE-67ABFCF10C61}"
EndProject
Project("{9A19103F-16F7-4668-BE54-9A1E7A4F7556}") = "Task53", "Task53\Task53.csproj", "{BAFF5925-4E17-4BA4-B852-6823A1E7A5F1}"
EndProject
Project("{9A19103F-16F7-4668-BE54-9A1E7A4F7556}") = "Task54", "Task54\Task54.csproj", "{0454EEB7-42DB-414B-A343-4C65F014FE59}"
EndProject
Project("{9A19103F-16F7-4668-BE54-9A1E7A4F7556}") = "Task55", "Task55\Task55.csproj", "{59E40C54-A845-4606-BA6B-DBAFA0088126}"
EndProject
Project("{9A19103F-16F7-4668-BE54-9A1E7A4F7556}") = "Task56", "Task56\Task56.csproj", "{F23312AD-5206-46D8-B05F-1E70B0A171DF}"
EndProject
Project("{9A19103F-16F7-4668-BE54-9A1E7A4F7556}") = "Task57", "Task57\Task57.csproj", "{676C2CD5-71D4-4F00-A264-36A2883139E1}"
EndProject
Project("{9A19103F-16F7-4668-BE54-9A1E7A4F7556}") = "Task58", "Task58\Task58.csproj", "{AC8E46DB-3C9D-41CB-8BAF-3FB3284BA275}"
EndProject
Project("{9A19103F-16F7-4668-BE54-9A1E7A4F7556}") = "Task59", "Task59\Task59.csproj", "{E0E26C19-F0AE-4F5A-9252-669CBEB827BD}"
EndProject
Project("{9A19103F-16F7-4668-BE54-9A1E7A4F7556}") = "Task60", "Task60\Task60.csproj", "{7CC993A3-5012-4CD9-831F-308E81EB796A}"
EndProject
Project("{9A19103F-16F7-4668-BE54-9A1E7A4F7556}") = "Task61", "Task61\Task61.csproj", "{D8AF4CE3-D43E-4563-BD10-91F47C8A2827}"
EndProject
Project("{9A19103F-16F7-4668-BE54-9A1E7A4F7556}") = "Task62", "Task62\Task62.csproj", "{5A3E5CA9-74FD-4F6A-BFD5-8EB564B1E8E7}"
EndProject
Project("{FAE04EC0-301F-11D3-BF4B-00C04F79EFBC}") = "Task63", "Task63\Task63.csproj", "{118E1FBA-BC9B-4235-987F-6CFCAB5D60FA}"
EndProject
Project("{FAE04EC0-301F-11D3-BF4B-00C04F79EFBC}") = "Task64", "Task64\Task64.csproj", "{794F76E3-BF35-49FC-B43F-EFDE9CF3F34A}"
EndProject
Project("{FAE04EC0-301F-11D3-BF4B-00C04F79EFBC}") = "Task65", "Task65\Task65.csproj", "{751FEFC7-62EC-432E-827A-2931AC050FB7}"
EndProject
Project("{FAE04EC0-301F-11D3-BF4B-00C04F79EFBC}") = "Task66", "Task66\Task66.csproj", "{88B0D327-9565-4359-AAED-35978A88AA5A}"
EndProject
Project("{FAE04EC0-301F-11D3-BF4B-00C04F79EFBC}") = "Task67", "Task67\Task67.csproj", "{C268935A-F3B4-4BA7-83BF-A75384F1E2AA}"
EndProject
Project("{FAE04EC0-301F-11D3-BF4B-00C04F79EFBC}") = "Task68", "Task68\Task68.csproj", "{C9D44319-61E3-4F1F-B7B9-A522EABA7A41}"
EndProject
Project("{FAE04EC0-301F-11D3-BF4B-00C04F79EFBC}") = "Task69", "Task69\Task69.csproj", "{CB64D43D-B4F9-4F87-AF83-38F961C37DEA}"
EndProject
Project("{FAE04EC0-301F-11D3-BF4B-00C04F79EFBC}") = "Task70", "Task70\Task70.csproj", "{A3A883B0-405F-4DA6-9E28-CA7101B4E900}"
EndProject
Global
	GlobalSection(SolutionConfigurationPlatforms) = preSolution
		Debug|Any CPU = Debug|Any CPU
		Release|Any CPU = Release|Any CPU
	EndGlobalSection
	GlobalSection(ProjectConfigurationPlatforms) = postSolution
		{946F4C9C-0720-43F6-94B2-05F4E1D03E47}.Debug|Any CPU.ActiveCfg = Debug|Any CPU
		{946F4C9C-0720-43F6-94B2-05F4E1D03E47}.Debug|Any CPU.Build.0 = Debug|Any CPU
		{946F4C9C-0720-43F6-94B2-05F4E1D03E47}.Release|Any CPU.ActiveCfg = Release|Any CPU
		{946F4C9C-0720-43F6-94B2-05F4E1D03E47}.Release|Any CPU.Build.0 = Release|Any CPU
		{3F7B3BC6-D011-421F-B3A9-98C1F61804C8}.Debug|Any CPU.ActiveCfg = Debug|Any CPU
		{3F7B3BC6-D011-421F-B3A9-98C1F61804C8}.Debug|Any CPU.Build.0 = Debug|Any CPU
		{3F7B3BC6-D011-421F-B3A9-98C1F61804C8}.Release|Any CPU.ActiveCfg = Release|Any CPU
		{3F7B3BC6-D011-421F-B3A9-98C1F61804C8}.Release|Any CPU.Build.0 = Release|Any CPU
		{1160CDC5-899A-4FF9-87FF-9DE155F2AACD}.Debug|Any CPU.ActiveCfg = Debug|Any CPU
		{1160CDC5-899A-4FF9-87FF-9DE155F2AACD}.Debug|Any CPU.Build.0 = Debug|Any CPU
		{1160CDC5-899A-4FF9-87FF-9DE155F2AACD}.Release|Any CPU.ActiveCfg = Release|Any CPU
		{1160CDC5-899A-4FF9-87FF-9DE155F2AACD}.Release|Any CPU.Build.0 = Release|Any CPU
		{BEF7A065-E3B6-46E3-84F9-7C707EA9885F}.Debug|Any CPU.ActiveCfg = Debug|Any CPU
		{BEF7A065-E3B6-46E3-84F9-7C707EA9885F}.Debug|Any CPU.Build.0 = Debug|Any CPU
		{BEF7A065-E3B6-46E3-84F9-7C707EA9885F}.Release|Any CPU.ActiveCfg = Release|Any CPU
		{BEF7A065-E3B6-46E3-84F9-7C707EA9885F}.Release|Any CPU.Build.0 = Release|Any CPU
		{DCBC0CB4-F1C7-4AA4-921E-258458575B70}.Debug|Any CPU.ActiveCfg = Debug|Any CPU
		{DCBC0CB4-F1C7-4AA4-921E-258458575B70}.Debug|Any CPU.Build.0 = Debug|Any CPU
		{DCBC0CB4-F1C7-4AA4-921E-258458575B70}.Release|Any CPU.ActiveCfg = Release|Any CPU
		{DCBC0CB4-F1C7-4AA4-921E-258458575B70}.Release|Any CPU.Build.0 = Release|Any CPU
		{0ADEB207-4AE7-46B8-BCE0-51F5BFC5D845}.Debug|Any CPU.ActiveCfg = Debug|Any CPU
		{0ADEB207-4AE7-46B8-BCE0-51F5BFC5D845}.Debug|Any CPU.Build.0 = Debug|Any CPU
		{0ADEB207-4AE7-46B8-BCE0-51F5BFC5D845}.Release|Any CPU.ActiveCfg = Release|Any CPU
		{0ADEB207-4AE7-46B8-BCE0-51F5BFC5D845}.Release|Any CPU.Build.0 = Release|Any CPU
		{A06CF7A5-C460-495F-A3EC-58B2F62738A7}.Debug|Any CPU.ActiveCfg = Debug|Any CPU
		{A06CF7A5-C460-495F-A3EC-58B2F62738A7}.Debug|Any CPU.Build.0 = Debug|Any CPU
		{A06CF7A5-C460-495F-A3EC-58B2F62738A7}.Release|Any CPU.ActiveCfg = Release|Any CPU
		{A06CF7A5-C460-495F-A3EC-58B2F62738A7}.Release|Any CPU.Build.0 = Release|Any CPU
		{08B9039E-A1BB-4F2C-ACFE-67ABFCF10C61}.Debug|Any CPU.ActiveCfg = Debug|Any CPU
		{08B9039E-A1BB-4F2C-ACFE-67ABFCF10C61}.Debug|Any CPU.Build.0 = Debug|Any CPU
		{08B9039E-A1BB-4F2C-ACFE-67ABFCF10C61}.Release|Any CPU.ActiveCfg = Release|Any CPU
		{08B9039E-A1BB-4F2C-ACFE-67ABFCF10C61}.Release|Any CPU.Build.0 = Release|Any CPU
		{BAFF5925-4E17-4BA4-B852-6823A1E7A5F1}.Debug|Any CPU.ActiveCfg = Debug|Any CPU
		{BAFF5925-4E17-4BA4-B852-6823A1E7A5F1}.Debug|Any CPU.Build.0 = Debug|Any CPU
		{BAFF5925-4E17-4BA4-B852-6823A1E7A5F1}.Release|Any CPU.ActiveCfg = Release|Any CPU
		{BAFF5925-4E17-4BA4-B852-6823A1E7A5F1}.Release|Any CPU.Build.0 = Release|Any CPU
		{0454EEB7-42DB-414B-A343-4C65F014FE59}.Debug|Any CPU.ActiveCfg = Debug|Any CPU
		{0454EEB7-42DB-414B-A343-4C65F014FE59}.Debug|Any CPU.Build.0 = Debug|Any CPU
		{0454EEB7-42DB-414B-A343-4C65F014FE59}.Release|Any CPU.ActiveCfg = Release|Any CPU
		{0454EEB7-42DB-414B-A343-4C65F014FE59}.Release|Any CPU.Build.0 = Release|Any CPU
		{59E40C54-A845-4606-BA6B-DBAFA0088126}.Debug|Any CPU.ActiveCfg = Debug|Any CPU
		{59E40C54-A845-4606-BA6B-DBAFA0088126}.Debug|Any CPU.Build.0 = Debug|Any CPU
		{59E40C54-A845-4606-BA6B-DBAFA0088126}.Release|Any CPU.ActiveCfg = Release|Any CPU
		{59E40C54-A845-4606-BA6B-DBAFA0088126}.Release|Any CPU.Build.0 = Release|Any CPU
		{F23312AD-5206-46D8-B05F-1E70B0A171DF}.Debug|Any CPU.ActiveCfg = Debug|Any CPU
		{F23312AD-5206-46D8-B05F-1E70B0A171DF}.Debug|Any CPU.Build.0 = Debug|Any CPU
		{F23312AD-5206-46D8-B05F-1E70B0A171DF}.Release|Any CPU.ActiveCfg = Release|Any CPU
		{F23312AD-5206-46D8-B05F-1E70B0A171DF}.Release|Any CPU.Build.0 = Release|Any CPU
		{676C2CD5-71D4-4F00-A264-36A2883139E1}.Debug|Any CPU.ActiveCfg = Debug|Any CPU
		{676C2CD5-71D4-4F00-A264-36A2883139E1}.Debug|Any CPU.Build.0 = Debug|Any CPU
		{676C2CD5-71D4-4F00-A264-36A2883139E1}.Release|Any CPU.ActiveCfg = Release|Any CPU
		{676C2CD5-71D4-4F00-A264-36A2883139E1}.Release|Any CPU.Build.0 = Release|Any CPU
		{AC8E46DB-3C9D-41CB-8BAF-3FB3284BA275}.Debug|Any CPU.ActiveCfg = Debug|Any CPU
		{AC8E46DB-3C9D-41CB-8BAF-3FB3284BA275}.Debug|Any CPU.Build.0 = Debug|Any CPU
		{AC8E46DB-3C9D-41CB-8BAF-3FB3284BA275}.Release|Any CPU.ActiveCfg = Release|Any CPU
		{AC8E46DB-3C9D-41CB-8BAF-3FB3284BA275}.Release|Any CPU.Build.0 = Release|Any CPU
		{E0E26C19-F0AE-4F5A-9252-669CBEB827BD}.Debug|Any CPU.ActiveCfg = Debug|Any CPU
		{E0E26C19-F0AE-4F5A-9252-669CBEB827BD}.Debug|Any CPU.Build.0 = Debug|Any CPU
		{E0E26C19-F0AE-4F5A-9252-669CBEB827BD}.Release|Any CPU.ActiveCfg = Release|Any CPU
		{E0E26C19-F0AE-4F5A-9252-669CBEB827BD}.Release|Any CPU.Build.0 = Release|Any CPU
		{7CC993A3-5012-4CD9-831F-308E81EB796A}.Debug|Any CPU.ActiveCfg = Debug|Any CPU
		{7CC993A3-5012-4CD9-831F-308E81EB796A}.Debug|Any CPU.Build.0 = Debug|Any CPU
		{7CC993A3-5012-4CD9-831F-308E81EB796A}.Release|Any CPU.ActiveCfg = Release|Any CPU
		{7CC993A3-5012-4CD9-831F-308E81EB796A}.Release|Any CPU.Build.0 = Release|Any CPU
		{D8AF4CE3-D43E-4563-BD10-91F47C8A2827}.Debug|Any CPU.ActiveCfg = Debug|Any CPU
		{D8AF4CE3-D43E-4563-BD10-91F47C8A2827}.Debug|Any CPU.Build.0 = Debug|Any CPU
		{D8AF4CE3-D43E-4563-BD10-91F47C8A2827}.Release|Any CPU.ActiveCfg = Release|Any CPU
		{D8AF4CE3-D43E-4563-BD10-91F47C8A2827}.Release|Any CPU.Build.0 = Release|Any CPU
		{5A3E5CA9-74FD-4F6A-BFD5-8EB564B1E8E7}.Debug|Any CPU.ActiveCfg = Debug|Any CPU
		{5A3E5CA9-74FD-4F6A-BFD5-8EB564B1E8E7}.Debug|Any CPU.Build.0 = Debug|Any CPU
		{5A3E5CA9-74FD-4F6A-BFD5-8EB564B1E8E7}.Release|Any CPU.ActiveCfg = Release|Any CPU
		{5A3E5CA9-74FD-4F6A-BFD5-8EB564B1E8E7}.Release|Any CPU.Build.0 = Release|Any CPU
		{118E1FBA-BC9B-4235-987F-6CFCAB5D60FA}.Debug|Any CPU.ActiveCfg = Debug|Any CPU
		{118E1FBA-BC9B-4235-987F-6CFCAB5D60FA}.Debug|Any CPU.Build.0 = Debug|Any CPU
		{118E1FBA-BC9B-4235-987F-6CFCAB5D60FA}.Release|Any CPU.ActiveCfg = Release|Any CPU
		{118E1FBA-BC9B-4235-987F-6CFCAB5D60FA}.Release|Any CPU.Build.0 = Release|Any CPU
		{794F76E3-BF35-49FC-B43F-EFDE9CF3F34A}.Debug|Any CPU.ActiveCfg = Debug|Any CPU
		{794F76E3-BF35-49FC-B43F-EFDE9CF3F34A}.Debug|Any CPU.Build.0 = Debug|Any CPU
		{794F76E3-BF35-49FC-B43F-EFDE9CF3F34A}.Release|Any CPU.ActiveCfg = Release|Any CPU
		{794F76E3-BF35-49FC-B43F-EFDE9CF3F34A}.Release|Any CPU.Build.0 = Release|Any CPU
		{751FEFC7-62EC-432E-827A-2931AC050FB7}.Debug|Any CPU.ActiveCfg = Debug|Any CPU
		{751FEFC7-62EC-432E-827A-2931AC050FB7}.Debug|Any CPU.Build.0 = Debug|Any CPU
		{751FEFC7-62EC-432E-827A-2931AC050FB7}.Release|Any CPU.ActiveCfg = Release|Any CPU
		{751FEFC7-62EC-432E-827A-2931AC050FB7}.Release|Any CPU.Build.0 = Release|Any CPU
		{88B0D327-9565-4359-AAED-35978A88AA5A}.Debug|Any CPU.ActiveCfg = Debug|Any CPU
		{88B0D327-9565-4359-AAED-35978A88AA5A}.Debug|Any CPU.Build.0 = Debug|Any CPU
		{88B0D327-9565-4359-AAED-35978A88AA5A}.Release|Any CPU.ActiveCfg = Release|Any CPU
		{88B0D327-9565-4359-AAED-35978A88AA5A}.Release|Any CPU.Build.0 = Release|Any CPU
		{C268935A-F3B4-4BA7-83BF-A75384F1E2AA}.Debug|Any CPU.ActiveCfg = Debug|Any CPU
		{C268935A-F3B4-4BA7-83BF-A75384F1E2AA}.Debug|Any CPU.Build.0 = Debug|Any CPU
		{C268935A-F3B4-4BA7-83BF-A75384F1E2AA}.Release|Any CPU.ActiveCfg = Release|Any CPU
		{C268935A-F3B4-4BA7-83BF-A75384F1E2AA}.Release|Any CPU.Build.0 = Release|Any CPU
		{C9D44319-61E3-4F1F-B7B9-A522EABA7A41}.Debug|Any CPU.ActiveCfg = Debug|Any CPU
		{C9D44319-61E3-4F1F-B7B9-A522EABA7A41}.Debug|Any CPU.Build.0 = Debug|Any CPU
		{C9D44319-61E3-4F1F-B7B9-A522EABA7A41}.Release|Any CPU.ActiveCfg = Release|Any CPU
		{C9D44319-61E3-4F1F-B7B9-A522EABA7A41}.Release|Any CPU.Build.0 = Release|Any CPU
		{CB64D43D-B4F9-4F87-AF83-38F961C37DEA}.Debug|Any CPU.ActiveCfg = Debug|Any CPU
		{CB64D43D-B4F9-4F87-AF83-38F961C37DEA}.Debug|Any CPU.Build.0 = Debug|Any CPU
		{CB64D43D-B4F9-4F87-AF83-38F961C37DEA}.Release|Any CPU.ActiveCfg = Release|Any CPU
		{CB64D43D-B4F9-4F87-AF83-38F961C37DEA}.Release|Any CPU.Build.0 = Release|Any CPU
		{A3A883B0-405F-4DA6-9E28-CA7101B4E900}.Debug|Any CPU.ActiveCfg = Debug|Any CPU
		{A3A883B0-405F-4DA6-9E28-CA7101B4E900}.Debug|Any CPU.Build.0 = Debug|Any CPU
		{A3A883B0-405F-4DA6-9E28-CA7101B4E900}.Release|Any CPU.ActiveCfg = Release|Any CPU
		{A3A883B0-405F-4DA6-9E28-CA7101B4E900}.Release|Any CPU.Build.0 = Release|Any CPU
	EndGlobalSection
	GlobalSection(SolutionProperties) = preSolution
		HideSolutionNode = FALSE
	EndGlobalSection
	GlobalSection(ExtensibilityGlobals) = postSolution
		SolutionGuid = {4E67F5DF-6E6A-4BF5-AE4A-1B29BBB60255}
	EndGlobalSection
EndGlobal
