
Microsoft Visual Studio Solution File, Format Version 12.00
# Visual Studio Version 16
VisualStudioVersion = 16.0.31829.152
MinimumVisualStudioVersion = 10.0.40219.1
Project("{9A19103F-16F7-4668-BE54-9A1E7A4F7556}") = "Task95", "W3School8\Task95.csproj", "{65304B64-ADE3-4229-9F70-655D97A36DF0}"
EndProject
Project("{9A19103F-16F7-4668-BE54-9A1E7A4F7556}") = "Task96", "Task96\Task96.csproj", "{7F54B248-BF33-498C-B458-9B88B4A9F7DF}"
EndProject
Project("{9A19103F-16F7-4668-BE54-9A1E7A4F7556}") = "Task97", "Task97\Task97.csproj", "{E0D9887F-9B44-4A00-AF1A-29AAFB7DDBFF}"
EndProject
Project("{9A19103F-16F7-4668-BE54-9A1E7A4F7556}") = "Task98", "Task98\Task98.csproj", "{37339B65-7F39-4B62-983B-209BBCA92798}"
EndProject
Project("{9A19103F-16F7-4668-BE54-9A1E7A4F7556}") = "Task99", "Task99\Task99.csproj", "{E44A78C2-6A3D-4727-BCE1-12993AB130BA}"
EndProject
Project("{9A19103F-16F7-4668-BE54-9A1E7A4F7556}") = "Task100", "Task100\Task100.csproj", "{E0455185-E985-4284-B766-74AE0F539FA3}"
EndProject
Project("{9A19103F-16F7-4668-BE54-9A1E7A4F7556}") = "Task101", "Task101\Task101.csproj", "{EBFCB8FC-9ED5-4869-94FA-C3A5AF9469D3}"
EndProject
Project("{9A19103F-16F7-4668-BE54-9A1E7A4F7556}") = "Task102", "Task102\Task102.csproj", "{0BA705DF-BC94-4B00-9793-B64462F8B1B7}"
EndProject
Project("{9A19103F-16F7-4668-BE54-9A1E7A4F7556}") = "Task103", "Task103\Task103.csproj", "{0F90C4C7-9C8C-43E5-9BB8-71DA0B85B4DB}"
EndProject
Project("{9A19103F-16F7-4668-BE54-9A1E7A4F7556}") = "Task104", "Task104\Task104.csproj", "{DC89FED8-F4D4-444C-AD12-64E93F34EE3B}"
EndProject
Project("{9A19103F-16F7-4668-BE54-9A1E7A4F7556}") = "Task105", "Task105\Task105.csproj", "{E69DCBA6-8273-4418-B97D-68781D7401F9}"
EndProject
Project("{9A19103F-16F7-4668-BE54-9A1E7A4F7556}") = "Task106", "Task106\Task106.csproj", "{E4315742-36E5-48F4-8303-0DCD5424986A}"
EndProject
Project("{9A19103F-16F7-4668-BE54-9A1E7A4F7556}") = "Task107", "Task107\Task107.csproj", "{606BCB0E-9EDC-4EA1-BC87-2EB2A04AE843}"
EndProject
Project("{9A19103F-16F7-4668-BE54-9A1E7A4F7556}") = "Task108", "Task108\Task108.csproj", "{8EBE832C-F04E-4F44-A349-A8E31F5F0F75}"
EndProject
Project("{9A19103F-16F7-4668-BE54-9A1E7A4F7556}") = "Task109", "Task109\Task109.csproj", "{B32D7066-DD1A-41F5-AA9B-17B130928F32}"
EndProject
Project("{9A19103F-16F7-4668-BE54-9A1E7A4F7556}") = "Task110", "Task110\Task110.csproj", "{4F0ABE14-D6DF-4F08-B586-E8FABA10380C}"
EndProject
Project("{9A19103F-16F7-4668-BE54-9A1E7A4F7556}") = "Task111", "Task111\Task111.csproj", "{9EB4B783-BAA5-461B-8202-99A153FBF883}"
EndProject
Project("{9A19103F-16F7-4668-BE54-9A1E7A4F7556}") = "Task112", "Task112\Task112.csproj", "{9A833C76-FA5F-4028-8CB6-D592C80FC38C}"
EndProject
Project("{9A19103F-16F7-4668-BE54-9A1E7A4F7556}") = "Task113", "Task113\Task113.csproj", "{139D11A6-C521-40AB-8A94-CB502E745804}"
EndProject
Project("{9A19103F-16F7-4668-BE54-9A1E7A4F7556}") = "Task114", "Task114\Task114.csproj", "{9C749EB0-0AB9-47B6-A813-6826F1541857}"
EndProject
Project("{9A19103F-16F7-4668-BE54-9A1E7A4F7556}") = "Task115", "Task115\Task115.csproj", "{8D382D6D-4F88-4110-A12F-58D1BEA22631}"
EndProject
Project("{9A19103F-16F7-4668-BE54-9A1E7A4F7556}") = "Task116", "Task116\Task116.csproj", "{FACF0F93-43E3-45FC-A9D9-857A071E362B}"
EndProject
Project("{9A19103F-16F7-4668-BE54-9A1E7A4F7556}") = "Task117", "Task117\Task117.csproj", "{06F10AE7-B765-465E-BA0D-214042D29A15}"
EndProject
Project("{9A19103F-16F7-4668-BE54-9A1E7A4F7556}") = "Task118", "Task118\Task118.csproj", "{C4D425F4-7C2F-4735-A4FE-315A3DF44955}"
EndProject
Project("{9A19103F-16F7-4668-BE54-9A1E7A4F7556}") = "Task119", "Task119\Task119.csproj", "{2092C21D-A543-488E-8FEA-82304BCA9C7B}"
EndProject
Project("{FAE04EC0-301F-11D3-BF4B-00C04F79EFBC}") = "Task120", "Task120\Task120.csproj", "{760087CD-35D1-49CF-A35B-A408CF2FCAE7}"
EndProject
Global
	GlobalSection(SolutionConfigurationPlatforms) = preSolution
		Debug|Any CPU = Debug|Any CPU
		Release|Any CPU = Release|Any CPU
	EndGlobalSection
	GlobalSection(ProjectConfigurationPlatforms) = postSolution
		{65304B64-ADE3-4229-9F70-655D97A36DF0}.Debug|Any CPU.ActiveCfg = Debug|Any CPU
		{65304B64-ADE3-4229-9F70-655D97A36DF0}.Debug|Any CPU.Build.0 = Debug|Any CPU
		{65304B64-ADE3-4229-9F70-655D97A36DF0}.Release|Any CPU.ActiveCfg = Release|Any CPU
		{65304B64-ADE3-4229-9F70-655D97A36DF0}.Release|Any CPU.Build.0 = Release|Any CPU
		{7F54B248-BF33-498C-B458-9B88B4A9F7DF}.Debug|Any CPU.ActiveCfg = Debug|Any CPU
		{7F54B248-BF33-498C-B458-9B88B4A9F7DF}.Debug|Any CPU.Build.0 = Debug|Any CPU
		{7F54B248-BF33-498C-B458-9B88B4A9F7DF}.Release|Any CPU.ActiveCfg = Release|Any CPU
		{7F54B248-BF33-498C-B458-9B88B4A9F7DF}.Release|Any CPU.Build.0 = Release|Any CPU
		{E0D9887F-9B44-4A00-AF1A-29AAFB7DDBFF}.Debug|Any CPU.ActiveCfg = Debug|Any CPU
		{E0D9887F-9B44-4A00-AF1A-29AAFB7DDBFF}.Debug|Any CPU.Build.0 = Debug|Any CPU
		{E0D9887F-9B44-4A00-AF1A-29AAFB7DDBFF}.Release|Any CPU.ActiveCfg = Release|Any CPU
		{E0D9887F-9B44-4A00-AF1A-29AAFB7DDBFF}.Release|Any CPU.Build.0 = Release|Any CPU
		{37339B65-7F39-4B62-983B-209BBCA92798}.Debug|Any CPU.ActiveCfg = Debug|Any CPU
		{37339B65-7F39-4B62-983B-209BBCA92798}.Debug|Any CPU.Build.0 = Debug|Any CPU
		{37339B65-7F39-4B62-983B-209BBCA92798}.Release|Any CPU.ActiveCfg = Release|Any CPU
		{37339B65-7F39-4B62-983B-209BBCA92798}.Release|Any CPU.Build.0 = Release|Any CPU
		{E44A78C2-6A3D-4727-BCE1-12993AB130BA}.Debug|Any CPU.ActiveCfg = Debug|Any CPU
		{E44A78C2-6A3D-4727-BCE1-12993AB130BA}.Debug|Any CPU.Build.0 = Debug|Any CPU
		{E44A78C2-6A3D-4727-BCE1-12993AB130BA}.Release|Any CPU.ActiveCfg = Release|Any CPU
		{E44A78C2-6A3D-4727-BCE1-12993AB130BA}.Release|Any CPU.Build.0 = Release|Any CPU
		{E0455185-E985-4284-B766-74AE0F539FA3}.Debug|Any CPU.ActiveCfg = Debug|Any CPU
		{E0455185-E985-4284-B766-74AE0F539FA3}.Debug|Any CPU.Build.0 = Debug|Any CPU
		{E0455185-E985-4284-B766-74AE0F539FA3}.Release|Any CPU.ActiveCfg = Release|Any CPU
		{E0455185-E985-4284-B766-74AE0F539FA3}.Release|Any CPU.Build.0 = Release|Any CPU
		{EBFCB8FC-9ED5-4869-94FA-C3A5AF9469D3}.Debug|Any CPU.ActiveCfg = Debug|Any CPU
		{EBFCB8FC-9ED5-4869-94FA-C3A5AF9469D3}.Debug|Any CPU.Build.0 = Debug|Any CPU
		{EBFCB8FC-9ED5-4869-94FA-C3A5AF9469D3}.Release|Any CPU.ActiveCfg = Release|Any CPU
		{EBFCB8FC-9ED5-4869-94FA-C3A5AF9469D3}.Release|Any CPU.Build.0 = Release|Any CPU
		{0BA705DF-BC94-4B00-9793-B64462F8B1B7}.Debug|Any CPU.ActiveCfg = Debug|Any CPU
		{0BA705DF-BC94-4B00-9793-B64462F8B1B7}.Debug|Any CPU.Build.0 = Debug|Any CPU
		{0BA705DF-BC94-4B00-9793-B64462F8B1B7}.Release|Any CPU.ActiveCfg = Release|Any CPU
		{0BA705DF-BC94-4B00-9793-B64462F8B1B7}.Release|Any CPU.Build.0 = Release|Any CPU
		{0F90C4C7-9C8C-43E5-9BB8-71DA0B85B4DB}.Debug|Any CPU.ActiveCfg = Debug|Any CPU
		{0F90C4C7-9C8C-43E5-9BB8-71DA0B85B4DB}.Debug|Any CPU.Build.0 = Debug|Any CPU
		{0F90C4C7-9C8C-43E5-9BB8-71DA0B85B4DB}.Release|Any CPU.ActiveCfg = Release|Any CPU
		{0F90C4C7-9C8C-43E5-9BB8-71DA0B85B4DB}.Release|Any CPU.Build.0 = Release|Any CPU
		{DC89FED8-F4D4-444C-AD12-64E93F34EE3B}.Debug|Any CPU.ActiveCfg = Debug|Any CPU
		{DC89FED8-F4D4-444C-AD12-64E93F34EE3B}.Debug|Any CPU.Build.0 = Debug|Any CPU
		{DC89FED8-F4D4-444C-AD12-64E93F34EE3B}.Release|Any CPU.ActiveCfg = Release|Any CPU
		{DC89FED8-F4D4-444C-AD12-64E93F34EE3B}.Release|Any CPU.Build.0 = Release|Any CPU
		{E69DCBA6-8273-4418-B97D-68781D7401F9}.Debug|Any CPU.ActiveCfg = Debug|Any CPU
		{E69DCBA6-8273-4418-B97D-68781D7401F9}.Debug|Any CPU.Build.0 = Debug|Any CPU
		{E69DCBA6-8273-4418-B97D-68781D7401F9}.Release|Any CPU.ActiveCfg = Release|Any CPU
		{E69DCBA6-8273-4418-B97D-68781D7401F9}.Release|Any CPU.Build.0 = Release|Any CPU
		{E4315742-36E5-48F4-8303-0DCD5424986A}.Debug|Any CPU.ActiveCfg = Debug|Any CPU
		{E4315742-36E5-48F4-8303-0DCD5424986A}.Debug|Any CPU.Build.0 = Debug|Any CPU
		{E4315742-36E5-48F4-8303-0DCD5424986A}.Release|Any CPU.ActiveCfg = Release|Any CPU
		{E4315742-36E5-48F4-8303-0DCD5424986A}.Release|Any CPU.Build.0 = Release|Any CPU
		{606BCB0E-9EDC-4EA1-BC87-2EB2A04AE843}.Debug|Any CPU.ActiveCfg = Debug|Any CPU
		{606BCB0E-9EDC-4EA1-BC87-2EB2A04AE843}.Debug|Any CPU.Build.0 = Debug|Any CPU
		{606BCB0E-9EDC-4EA1-BC87-2EB2A04AE843}.Release|Any CPU.ActiveCfg = Release|Any CPU
		{606BCB0E-9EDC-4EA1-BC87-2EB2A04AE843}.Release|Any CPU.Build.0 = Release|Any CPU
		{8EBE832C-F04E-4F44-A349-A8E31F5F0F75}.Debug|Any CPU.ActiveCfg = Debug|Any CPU
		{8EBE832C-F04E-4F44-A349-A8E31F5F0F75}.Debug|Any CPU.Build.0 = Debug|Any CPU
		{8EBE832C-F04E-4F44-A349-A8E31F5F0F75}.Release|Any CPU.ActiveCfg = Release|Any CPU
		{8EBE832C-F04E-4F44-A349-A8E31F5F0F75}.Release|Any CPU.Build.0 = Release|Any CPU
		{B32D7066-DD1A-41F5-AA9B-17B130928F32}.Debug|Any CPU.ActiveCfg = Debug|Any CPU
		{B32D7066-DD1A-41F5-AA9B-17B130928F32}.Debug|Any CPU.Build.0 = Debug|Any CPU
		{B32D7066-DD1A-41F5-AA9B-17B130928F32}.Release|Any CPU.ActiveCfg = Release|Any CPU
		{B32D7066-DD1A-41F5-AA9B-17B130928F32}.Release|Any CPU.Build.0 = Release|Any CPU
		{4F0ABE14-D6DF-4F08-B586-E8FABA10380C}.Debug|Any CPU.ActiveCfg = Debug|Any CPU
		{4F0ABE14-D6DF-4F08-B586-E8FABA10380C}.Debug|Any CPU.Build.0 = Debug|Any CPU
		{4F0ABE14-D6DF-4F08-B586-E8FABA10380C}.Release|Any CPU.ActiveCfg = Release|Any CPU
		{4F0ABE14-D6DF-4F08-B586-E8FABA10380C}.Release|Any CPU.Build.0 = Release|Any CPU
		{9EB4B783-BAA5-461B-8202-99A153FBF883}.Debug|Any CPU.ActiveCfg = Debug|Any CPU
		{9EB4B783-BAA5-461B-8202-99A153FBF883}.Debug|Any CPU.Build.0 = Debug|Any CPU
		{9EB4B783-BAA5-461B-8202-99A153FBF883}.Release|Any CPU.ActiveCfg = Release|Any CPU
		{9EB4B783-BAA5-461B-8202-99A153FBF883}.Release|Any CPU.Build.0 = Release|Any CPU
		{9A833C76-FA5F-4028-8CB6-D592C80FC38C}.Debug|Any CPU.ActiveCfg = Debug|Any CPU
		{9A833C76-FA5F-4028-8CB6-D592C80FC38C}.Debug|Any CPU.Build.0 = Debug|Any CPU
		{9A833C76-FA5F-4028-8CB6-D592C80FC38C}.Release|Any CPU.ActiveCfg = Release|Any CPU
		{9A833C76-FA5F-4028-8CB6-D592C80FC38C}.Release|Any CPU.Build.0 = Release|Any CPU
		{139D11A6-C521-40AB-8A94-CB502E745804}.Debug|Any CPU.ActiveCfg = Debug|Any CPU
		{139D11A6-C521-40AB-8A94-CB502E745804}.Debug|Any CPU.Build.0 = Debug|Any CPU
		{139D11A6-C521-40AB-8A94-CB502E745804}.Release|Any CPU.ActiveCfg = Release|Any CPU
		{139D11A6-C521-40AB-8A94-CB502E745804}.Release|Any CPU.Build.0 = Release|Any CPU
		{9C749EB0-0AB9-47B6-A813-6826F1541857}.Debug|Any CPU.ActiveCfg = Debug|Any CPU
		{9C749EB0-0AB9-47B6-A813-6826F1541857}.Debug|Any CPU.Build.0 = Debug|Any CPU
		{9C749EB0-0AB9-47B6-A813-6826F1541857}.Release|Any CPU.ActiveCfg = Release|Any CPU
		{9C749EB0-0AB9-47B6-A813-6826F1541857}.Release|Any CPU.Build.0 = Release|Any CPU
		{8D382D6D-4F88-4110-A12F-58D1BEA22631}.Debug|Any CPU.ActiveCfg = Debug|Any CPU
		{8D382D6D-4F88-4110-A12F-58D1BEA22631}.Debug|Any CPU.Build.0 = Debug|Any CPU
		{8D382D6D-4F88-4110-A12F-58D1BEA22631}.Release|Any CPU.ActiveCfg = Release|Any CPU
		{8D382D6D-4F88-4110-A12F-58D1BEA22631}.Release|Any CPU.Build.0 = Release|Any CPU
		{FACF0F93-43E3-45FC-A9D9-857A071E362B}.Debug|Any CPU.ActiveCfg = Debug|Any CPU
		{FACF0F93-43E3-45FC-A9D9-857A071E362B}.Debug|Any CPU.Build.0 = Debug|Any CPU
		{FACF0F93-43E3-45FC-A9D9-857A071E362B}.Release|Any CPU.ActiveCfg = Release|Any CPU
		{FACF0F93-43E3-45FC-A9D9-857A071E362B}.Release|Any CPU.Build.0 = Release|Any CPU
		{06F10AE7-B765-465E-BA0D-214042D29A15}.Debug|Any CPU.ActiveCfg = Debug|Any CPU
		{06F10AE7-B765-465E-BA0D-214042D29A15}.Debug|Any CPU.Build.0 = Debug|Any CPU
		{06F10AE7-B765-465E-BA0D-214042D29A15}.Release|Any CPU.ActiveCfg = Release|Any CPU
		{06F10AE7-B765-465E-BA0D-214042D29A15}.Release|Any CPU.Build.0 = Release|Any CPU
		{C4D425F4-7C2F-4735-A4FE-315A3DF44955}.Debug|Any CPU.ActiveCfg = Debug|Any CPU
		{C4D425F4-7C2F-4735-A4FE-315A3DF44955}.Debug|Any CPU.Build.0 = Debug|Any CPU
		{C4D425F4-7C2F-4735-A4FE-315A3DF44955}.Release|Any CPU.ActiveCfg = Release|Any CPU
		{C4D425F4-7C2F-4735-A4FE-315A3DF44955}.Release|Any CPU.Build.0 = Release|Any CPU
		{2092C21D-A543-488E-8FEA-82304BCA9C7B}.Debug|Any CPU.ActiveCfg = Debug|Any CPU
		{2092C21D-A543-488E-8FEA-82304BCA9C7B}.Debug|Any CPU.Build.0 = Debug|Any CPU
		{2092C21D-A543-488E-8FEA-82304BCA9C7B}.Release|Any CPU.ActiveCfg = Release|Any CPU
		{2092C21D-A543-488E-8FEA-82304BCA9C7B}.Release|Any CPU.Build.0 = Release|Any CPU
		{760087CD-35D1-49CF-A35B-A408CF2FCAE7}.Debug|Any CPU.ActiveCfg = Debug|Any CPU
		{760087CD-35D1-49CF-A35B-A408CF2FCAE7}.Debug|Any CPU.Build.0 = Debug|Any CPU
		{760087CD-35D1-49CF-A35B-A408CF2FCAE7}.Release|Any CPU.ActiveCfg = Release|Any CPU
		{760087CD-35D1-49CF-A35B-A408CF2FCAE7}.Release|Any CPU.Build.0 = Release|Any CPU
	EndGlobalSection
	GlobalSection(SolutionProperties) = preSolution
		HideSolutionNode = FALSE
	EndGlobalSection
	GlobalSection(ExtensibilityGlobals) = postSolution
		SolutionGuid = {D06EF019-FCD6-43D1-96BD-88F22F4C75BC}
	EndGlobalSection
EndGlobal
