
Microsoft Visual Studio Solution File, Format Version 12.00
# Visual Studio Version 16
VisualStudioVersion = 16.0.31829.152
MinimumVisualStudioVersion = 10.0.40219.1
Project("{9A19103F-16F7-4668-BE54-9A1E7A4F7556}") = "Task71", "W3School7\Task71.csproj", "{E30CFE15-CF3F-4898-9AC0-1541D30C63C5}"
EndProject
Project("{9A19103F-16F7-4668-BE54-9A1E7A4F7556}") = "Task72", "Task72\Task72.csproj", "{59617685-843A-4AF4-95BA-64FA4FE0065E}"
EndProject
Project("{9A19103F-16F7-4668-BE54-9A1E7A4F7556}") = "Task73", "Task73\Task73.csproj", "{2D253D04-943C-487C-B611-75384EE63B96}"
EndProject
Project("{9A19103F-16F7-4668-BE54-9A1E7A4F7556}") = "Task74", "Task74\Task74.csproj", "{B07DC3A4-1DD2-4108-BC8D-2912FA82E59A}"
EndProject
Project("{9A19103F-16F7-4668-BE54-9A1E7A4F7556}") = "Task75", "Task75\Task75.csproj", "{853A866F-8751-4E12-B702-B4577D47E2C0}"
EndProject
Project("{9A19103F-16F7-4668-BE54-9A1E7A4F7556}") = "Task76", "Task76\Task76.csproj", "{24AD7E8E-2E55-4CC7-BC7B-A551F7A82F6D}"
EndProject
Project("{9A19103F-16F7-4668-BE54-9A1E7A4F7556}") = "Task77", "Task77\Task77.csproj", "{99673A2F-469B-4755-BC49-115B3BF50B1B}"
EndProject
Project("{9A19103F-16F7-4668-BE54-9A1E7A4F7556}") = "Task78", "Task78\Task78.csproj", "{90DA7A4C-10D3-4AFF-B31E-06D1E3D9415C}"
EndProject
Project("{9A19103F-16F7-4668-BE54-9A1E7A4F7556}") = "Task79", "Task79\Task79.csproj", "{3C754762-20BA-453D-BE22-5BBDDE28AF46}"
EndProject
Project("{9A19103F-16F7-4668-BE54-9A1E7A4F7556}") = "Task80", "Task80\Task80.csproj", "{993CF2F9-3E6A-4832-832B-A9A79D1D8BBE}"
EndProject
Project("{9A19103F-16F7-4668-BE54-9A1E7A4F7556}") = "Task81", "Task81\Task81.csproj", "{9F178D8A-C23E-41F8-8A64-BD7F7EF1364C}"
EndProject
Project("{9A19103F-16F7-4668-BE54-9A1E7A4F7556}") = "Task82", "Task82\Task82.csproj", "{40D6F677-9A4A-4FAF-995E-FE6C78714FD5}"
EndProject
Project("{9A19103F-16F7-4668-BE54-9A1E7A4F7556}") = "Task83", "Task83\Task83.csproj", "{D565F526-5679-4E24-B6A4-C1970738E577}"
EndProject
Project("{9A19103F-16F7-4668-BE54-9A1E7A4F7556}") = "Task84", "Task84\Task84.csproj", "{5950EEB9-BAA2-4009-BAEE-9C6B12058E4A}"
EndProject
Project("{9A19103F-16F7-4668-BE54-9A1E7A4F7556}") = "Task85", "Task85\Task85.csproj", "{73A2A964-16ED-4B9B-8B5F-9CD533ABDA30}"
EndProject
Project("{9A19103F-16F7-4668-BE54-9A1E7A4F7556}") = "Task86", "Task86\Task86.csproj", "{3A162EC6-8B95-4360-ABE4-FA065DC3805C}"
EndProject
Project("{9A19103F-16F7-4668-BE54-9A1E7A4F7556}") = "Task87", "Task87\Task87.csproj", "{B796BBC4-D106-440F-BA5F-49E3AE3946BE}"
EndProject
Project("{FAE04EC0-301F-11D3-BF4B-00C04F79EFBC}") = "Task88", "Task88\Task88.csproj", "{7BD94E60-ED59-4BC1-A619-801F0A60E4D6}"
EndProject
Project("{FAE04EC0-301F-11D3-BF4B-00C04F79EFBC}") = "Task89", "Task89\Task89.csproj", "{44473D12-9AE9-49B9-B5C5-DB8C448E1880}"
EndProject
Project("{FAE04EC0-301F-11D3-BF4B-00C04F79EFBC}") = "Task90", "Task90\Task90.csproj", "{8BE511E3-B699-426C-B004-FB489023BDEB}"
EndProject
Project("{FAE04EC0-301F-11D3-BF4B-00C04F79EFBC}") = "Task91", "Task91\Task91.csproj", "{D9FAA177-46FB-4F0E-8829-06361CC49DBC}"
EndProject
Project("{FAE04EC0-301F-11D3-BF4B-00C04F79EFBC}") = "Task92", "Task92\Task92.csproj", "{0E67662D-3712-4BA9-9899-5DCEE1610393}"
EndProject
Project("{FAE04EC0-301F-11D3-BF4B-00C04F79EFBC}") = "Task93", "Task93\Task93.csproj", "{29E815D9-DE43-4DF5-9FE0-5D2127162A9D}"
EndProject
Project("{FAE04EC0-301F-11D3-BF4B-00C04F79EFBC}") = "Task94", "Task94\Task94.csproj", "{45B59B57-1F23-459A-ACA9-5F900B113F02}"
EndProject
Global
	GlobalSection(SolutionConfigurationPlatforms) = preSolution
		Debug|Any CPU = Debug|Any CPU
		Release|Any CPU = Release|Any CPU
	EndGlobalSection
	GlobalSection(ProjectConfigurationPlatforms) = postSolution
		{E30CFE15-CF3F-4898-9AC0-1541D30C63C5}.Debug|Any CPU.ActiveCfg = Debug|Any CPU
		{E30CFE15-CF3F-4898-9AC0-1541D30C63C5}.Debug|Any CPU.Build.0 = Debug|Any CPU
		{E30CFE15-CF3F-4898-9AC0-1541D30C63C5}.Release|Any CPU.ActiveCfg = Release|Any CPU
		{E30CFE15-CF3F-4898-9AC0-1541D30C63C5}.Release|Any CPU.Build.0 = Release|Any CPU
		{59617685-843A-4AF4-95BA-64FA4FE0065E}.Debug|Any CPU.ActiveCfg = Debug|Any CPU
		{59617685-843A-4AF4-95BA-64FA4FE0065E}.Debug|Any CPU.Build.0 = Debug|Any CPU
		{59617685-843A-4AF4-95BA-64FA4FE0065E}.Release|Any CPU.ActiveCfg = Release|Any CPU
		{59617685-843A-4AF4-95BA-64FA4FE0065E}.Release|Any CPU.Build.0 = Release|Any CPU
		{2D253D04-943C-487C-B611-75384EE63B96}.Debug|Any CPU.ActiveCfg = Debug|Any CPU
		{2D253D04-943C-487C-B611-75384EE63B96}.Debug|Any CPU.Build.0 = Debug|Any CPU
		{2D253D04-943C-487C-B611-75384EE63B96}.Release|Any CPU.ActiveCfg = Release|Any CPU
		{2D253D04-943C-487C-B611-75384EE63B96}.Release|Any CPU.Build.0 = Release|Any CPU
		{B07DC3A4-1DD2-4108-BC8D-2912FA82E59A}.Debug|Any CPU.ActiveCfg = Debug|Any CPU
		{B07DC3A4-1DD2-4108-BC8D-2912FA82E59A}.Debug|Any CPU.Build.0 = Debug|Any CPU
		{B07DC3A4-1DD2-4108-BC8D-2912FA82E59A}.Release|Any CPU.ActiveCfg = Release|Any CPU
		{B07DC3A4-1DD2-4108-BC8D-2912FA82E59A}.Release|Any CPU.Build.0 = Release|Any CPU
		{853A866F-8751-4E12-B702-B4577D47E2C0}.Debug|Any CPU.ActiveCfg = Debug|Any CPU
		{853A866F-8751-4E12-B702-B4577D47E2C0}.Debug|Any CPU.Build.0 = Debug|Any CPU
		{853A866F-8751-4E12-B702-B4577D47E2C0}.Release|Any CPU.ActiveCfg = Release|Any CPU
		{853A866F-8751-4E12-B702-B4577D47E2C0}.Release|Any CPU.Build.0 = Release|Any CPU
		{24AD7E8E-2E55-4CC7-BC7B-A551F7A82F6D}.Debug|Any CPU.ActiveCfg = Debug|Any CPU
		{24AD7E8E-2E55-4CC7-BC7B-A551F7A82F6D}.Debug|Any CPU.Build.0 = Debug|Any CPU
		{24AD7E8E-2E55-4CC7-BC7B-A551F7A82F6D}.Release|Any CPU.ActiveCfg = Release|Any CPU
		{24AD7E8E-2E55-4CC7-BC7B-A551F7A82F6D}.Release|Any CPU.Build.0 = Release|Any CPU
		{99673A2F-469B-4755-BC49-115B3BF50B1B}.Debug|Any CPU.ActiveCfg = Debug|Any CPU
		{99673A2F-469B-4755-BC49-115B3BF50B1B}.Debug|Any CPU.Build.0 = Debug|Any CPU
		{99673A2F-469B-4755-BC49-115B3BF50B1B}.Release|Any CPU.ActiveCfg = Release|Any CPU
		{99673A2F-469B-4755-BC49-115B3BF50B1B}.Release|Any CPU.Build.0 = Release|Any CPU
		{90DA7A4C-10D3-4AFF-B31E-06D1E3D9415C}.Debug|Any CPU.ActiveCfg = Debug|Any CPU
		{90DA7A4C-10D3-4AFF-B31E-06D1E3D9415C}.Debug|Any CPU.Build.0 = Debug|Any CPU
		{90DA7A4C-10D3-4AFF-B31E-06D1E3D9415C}.Release|Any CPU.ActiveCfg = Release|Any CPU
		{90DA7A4C-10D3-4AFF-B31E-06D1E3D9415C}.Release|Any CPU.Build.0 = Release|Any CPU
		{3C754762-20BA-453D-BE22-5BBDDE28AF46}.Debug|Any CPU.ActiveCfg = Debug|Any CPU
		{3C754762-20BA-453D-BE22-5BBDDE28AF46}.Debug|Any CPU.Build.0 = Debug|Any CPU
		{3C754762-20BA-453D-BE22-5BBDDE28AF46}.Release|Any CPU.ActiveCfg = Release|Any CPU
		{3C754762-20BA-453D-BE22-5BBDDE28AF46}.Release|Any CPU.Build.0 = Release|Any CPU
		{993CF2F9-3E6A-4832-832B-A9A79D1D8BBE}.Debug|Any CPU.ActiveCfg = Debug|Any CPU
		{993CF2F9-3E6A-4832-832B-A9A79D1D8BBE}.Debug|Any CPU.Build.0 = Debug|Any CPU
		{993CF2F9-3E6A-4832-832B-A9A79D1D8BBE}.Release|Any CPU.ActiveCfg = Release|Any CPU
		{993CF2F9-3E6A-4832-832B-A9A79D1D8BBE}.Release|Any CPU.Build.0 = Release|Any CPU
		{9F178D8A-C23E-41F8-8A64-BD7F7EF1364C}.Debug|Any CPU.ActiveCfg = Debug|Any CPU
		{9F178D8A-C23E-41F8-8A64-BD7F7EF1364C}.Debug|Any CPU.Build.0 = Debug|Any CPU
		{9F178D8A-C23E-41F8-8A64-BD7F7EF1364C}.Release|Any CPU.ActiveCfg = Release|Any CPU
		{9F178D8A-C23E-41F8-8A64-BD7F7EF1364C}.Release|Any CPU.Build.0 = Release|Any CPU
		{40D6F677-9A4A-4FAF-995E-FE6C78714FD5}.Debug|Any CPU.ActiveCfg = Debug|Any CPU
		{40D6F677-9A4A-4FAF-995E-FE6C78714FD5}.Debug|Any CPU.Build.0 = Debug|Any CPU
		{40D6F677-9A4A-4FAF-995E-FE6C78714FD5}.Release|Any CPU.ActiveCfg = Release|Any CPU
		{40D6F677-9A4A-4FAF-995E-FE6C78714FD5}.Release|Any CPU.Build.0 = Release|Any CPU
		{D565F526-5679-4E24-B6A4-C1970738E577}.Debug|Any CPU.ActiveCfg = Debug|Any CPU
		{D565F526-5679-4E24-B6A4-C1970738E577}.Debug|Any CPU.Build.0 = Debug|Any CPU
		{D565F526-5679-4E24-B6A4-C1970738E577}.Release|Any CPU.ActiveCfg = Release|Any CPU
		{D565F526-5679-4E24-B6A4-C1970738E577}.Release|Any CPU.Build.0 = Release|Any CPU
		{5950EEB9-BAA2-4009-BAEE-9C6B12058E4A}.Debug|Any CPU.ActiveCfg = Debug|Any CPU
		{5950EEB9-BAA2-4009-BAEE-9C6B12058E4A}.Debug|Any CPU.Build.0 = Debug|Any CPU
		{5950EEB9-BAA2-4009-BAEE-9C6B12058E4A}.Release|Any CPU.ActiveCfg = Release|Any CPU
		{5950EEB9-BAA2-4009-BAEE-9C6B12058E4A}.Release|Any CPU.Build.0 = Release|Any CPU
		{73A2A964-16ED-4B9B-8B5F-9CD533ABDA30}.Debug|Any CPU.ActiveCfg = Debug|Any CPU
		{73A2A964-16ED-4B9B-8B5F-9CD533ABDA30}.Debug|Any CPU.Build.0 = Debug|Any CPU
		{73A2A964-16ED-4B9B-8B5F-9CD533ABDA30}.Release|Any CPU.ActiveCfg = Release|Any CPU
		{73A2A964-16ED-4B9B-8B5F-9CD533ABDA30}.Release|Any CPU.Build.0 = Release|Any CPU
		{3A162EC6-8B95-4360-ABE4-FA065DC3805C}.Debug|Any CPU.ActiveCfg = Debug|Any CPU
		{3A162EC6-8B95-4360-ABE4-FA065DC3805C}.Debug|Any CPU.Build.0 = Debug|Any CPU
		{3A162EC6-8B95-4360-ABE4-FA065DC3805C}.Release|Any CPU.ActiveCfg = Release|Any CPU
		{3A162EC6-8B95-4360-ABE4-FA065DC3805C}.Release|Any CPU.Build.0 = Release|Any CPU
		{B796BBC4-D106-440F-BA5F-49E3AE3946BE}.Debug|Any CPU.ActiveCfg = Debug|Any CPU
		{B796BBC4-D106-440F-BA5F-49E3AE3946BE}.Debug|Any CPU.Build.0 = Debug|Any CPU
		{B796BBC4-D106-440F-BA5F-49E3AE3946BE}.Release|Any CPU.ActiveCfg = Release|Any CPU
		{B796BBC4-D106-440F-BA5F-49E3AE3946BE}.Release|Any CPU.Build.0 = Release|Any CPU
		{7BD94E60-ED59-4BC1-A619-801F0A60E4D6}.Debug|Any CPU.ActiveCfg = Debug|Any CPU
		{7BD94E60-ED59-4BC1-A619-801F0A60E4D6}.Debug|Any CPU.Build.0 = Debug|Any CPU
		{7BD94E60-ED59-4BC1-A619-801F0A60E4D6}.Release|Any CPU.ActiveCfg = Release|Any CPU
		{7BD94E60-ED59-4BC1-A619-801F0A60E4D6}.Release|Any CPU.Build.0 = Release|Any CPU
		{44473D12-9AE9-49B9-B5C5-DB8C448E1880}.Debug|Any CPU.ActiveCfg = Debug|Any CPU
		{44473D12-9AE9-49B9-B5C5-DB8C448E1880}.Debug|Any CPU.Build.0 = Debug|Any CPU
		{44473D12-9AE9-49B9-B5C5-DB8C448E1880}.Release|Any CPU.ActiveCfg = Release|Any CPU
		{44473D12-9AE9-49B9-B5C5-DB8C448E1880}.Release|Any CPU.Build.0 = Release|Any CPU
		{8BE511E3-B699-426C-B004-FB489023BDEB}.Debug|Any CPU.ActiveCfg = Debug|Any CPU
		{8BE511E3-B699-426C-B004-FB489023BDEB}.Debug|Any CPU.Build.0 = Debug|Any CPU
		{8BE511E3-B699-426C-B004-FB489023BDEB}.Release|Any CPU.ActiveCfg = Release|Any CPU
		{8BE511E3-B699-426C-B004-FB489023BDEB}.Release|Any CPU.Build.0 = Release|Any CPU
		{D9FAA177-46FB-4F0E-8829-06361CC49DBC}.Debug|Any CPU.ActiveCfg = Debug|Any CPU
		{D9FAA177-46FB-4F0E-8829-06361CC49DBC}.Debug|Any CPU.Build.0 = Debug|Any CPU
		{D9FAA177-46FB-4F0E-8829-06361CC49DBC}.Release|Any CPU.ActiveCfg = Release|Any CPU
		{D9FAA177-46FB-4F0E-8829-06361CC49DBC}.Release|Any CPU.Build.0 = Release|Any CPU
		{0E67662D-3712-4BA9-9899-5DCEE1610393}.Debug|Any CPU.ActiveCfg = Debug|Any CPU
		{0E67662D-3712-4BA9-9899-5DCEE1610393}.Debug|Any CPU.Build.0 = Debug|Any CPU
		{0E67662D-3712-4BA9-9899-5DCEE1610393}.Release|Any CPU.ActiveCfg = Release|Any CPU
		{0E67662D-3712-4BA9-9899-5DCEE1610393}.Release|Any CPU.Build.0 = Release|Any CPU
		{29E815D9-DE43-4DF5-9FE0-5D2127162A9D}.Debug|Any CPU.ActiveCfg = Debug|Any CPU
		{29E815D9-DE43-4DF5-9FE0-5D2127162A9D}.Debug|Any CPU.Build.0 = Debug|Any CPU
		{29E815D9-DE43-4DF5-9FE0-5D2127162A9D}.Release|Any CPU.ActiveCfg = Release|Any CPU
		{29E815D9-DE43-4DF5-9FE0-5D2127162A9D}.Release|Any CPU.Build.0 = Release|Any CPU
		{45B59B57-1F23-459A-ACA9-5F900B113F02}.Debug|Any CPU.ActiveCfg = Debug|Any CPU
		{45B59B57-1F23-459A-ACA9-5F900B113F02}.Debug|Any CPU.Build.0 = Debug|Any CPU
		{45B59B57-1F23-459A-ACA9-5F900B113F02}.Release|Any CPU.ActiveCfg = Release|Any CPU
		{45B59B57-1F23-459A-ACA9-5F900B113F02}.Release|Any CPU.Build.0 = Release|Any CPU
	EndGlobalSection
	GlobalSection(SolutionProperties) = preSolution
		HideSolutionNode = FALSE
	EndGlobalSection
	GlobalSection(ExtensibilityGlobals) = postSolution
		SolutionGuid = {03F0AE62-CA94-4919-A94E-8E0C61FC36DE}
	EndGlobalSection
EndGlobal
